// !$*UTF8*$!
{
	archiveVersion = 1;
	classes = {
	};
	objectVersion = 77;
	objects = {

/* Begin PBXBuildFile section */
		5024DC2492A72523F88A6ABD /* DeutschLernenWidgetExtension.appex in Embed App Extensions */ = {isa = PBXBuildFile; fileRef = 3B868C315EF53C250E19C787 /* DeutschLernenWidgetExtension.appex */; };
		6C8D295FBA3E7E0234595389 /* Foundation.framework in Frameworks */ = {isa = PBXBuildFile; fileRef = EB74A47C259C5B70EEC57746 /* Foundation.framework */; };
		7CC7341FF37B70F67F9D1ADC /* Foundation.framework in Frameworks */ = {isa = PBXBuildFile; fileRef = EB74A47C259C5B70EEC57746 /* Foundation.framework */; };
		EC76DAB4A6C4096265BD0813 /* Foundation.framework in Frameworks */ = {isa = PBXBuildFile; fileRef = EB74A47C259C5B70EEC57746 /* Foundation.framework */; };
/* End PBXBuildFile section */

/* Begin PBXContainerItemProxy section */
		766A4422D2F9ED049C1BF903 /* PBXContainerItemProxy */ = {
			isa = PBXContainerItemProxy;
			containerPortal = BC13A167300417CF00CA8AFA /* Project object */;
			proxyType = 1;
			remoteGlobalIDString = 99D0B851FA59A536F6D4FAE8;
			remoteInfo = DeutschLernenWidgetExtension;
		};
/* End PBXContainerItemProxy section */

/* Begin PBXCopyFilesBuildPhase section */
		9815DDF8F73DAB114F46CA92 /* Embed App Extensions */ = {
			isa = PBXCopyFilesBuildPhase;
			buildActionMask = 2147483647;
			dstPath = "";
			dstSubfolderSpec = 13;
			files = (
				5024DC2492A72523F88A6ABD /* DeutschLernenWidgetExtension.appex in Embed App Extensions */,
			);
			name = "Embed App Extensions";
			runOnlyForDeploymentPostprocessing = 0;
		};
/* End PBXCopyFilesBuildPhase section */

/* Begin PBXFileReference section */
		3B868C315EF53C250E19C787 /* DeutschLernenWidgetExtension.appex */ = {isa = PBXFileReference; explicitFileType = "wrapper.app-extension"; includeInIndex = 0; path = DeutschLernenWidgetExtension.appex; sourceTree = BUILT_PRODUCTS_DIR; };
		51395B7D27B10A22B1452173 /* DeutschLernenUITests.xctest */ = {isa = PBXFileReference; explicitFileType = wrapper.cfbundle; includeInIndex = 0; path = DeutschLernenUITests.xctest; sourceTree = BUILT_PRODUCTS_DIR; };
		8D2F8A1EFB4056637228A469 /* DeutschLernenTests.xctest */ = {isa = PBXFileReference; explicitFileType = wrapper.cfbundle; includeInIndex = 0; path = DeutschLernenTests.xctest; sourceTree = BUILT_PRODUCTS_DIR; };
		BC13A16F300417CF00CA8AFA /* DeutschLernen.app */ = {isa = PBXFileReference; explicitFileType = wrapper.application; includeInIndex = 0; path = DeutschLernen.app; sourceTree = BUILT_PRODUCTS_DIR; };
		EB74A47C259C5B70EEC57746 /* Foundation.framework */ = {isa = PBXFileReference; lastKnownFileType = wrapper.framework; name = Foundation.framework; path = Platforms/iPhoneOS.platform/Developer/SDKs/iPhoneOS26.0.sdk/System/Library/Frameworks/Foundation.framework; sourceTree = DEVELOPER_DIR; };
/* End PBXFileReference section */

/* Begin PBXFileSystemSynchronizedRootGroup section */
		BC13A171300417CF00CA8AFA /* DeutschLernen */ = {
			isa = PBXFileSystemSynchronizedRootGroup;
			path = DeutschLernen;
			sourceTree = "<group>";
		};
/* End PBXFileSystemSynchronizedRootGroup section */

/* Begin PBXFrameworksBuildPhase section */
		37D73476684019208FAAAF67 /* Frameworks */ = {
			isa = PBXFrameworksBuildPhase;
			buildActionMask = 2147483647;
			files = (
				EC76DAB4A6C4096265BD0813 /* Foundation.framework in Frameworks */,
			);
			runOnlyForDeploymentPostprocessing = 0;
		};
		805E942DCBF6FD3724BD6264 /* Frameworks */ = {
			isa = PBXFrameworksBuildPhase;
			buildActionMask = 2147483647;
			files = (
				7CC7341FF37B70F67F9D1ADC /* Foundation.framework in Frameworks */,
			);
			runOnlyForDeploymentPostprocessing = 0;
		};
		A31D1A23D53BAE809895C2D0 /* Frameworks */ = {
			isa = PBXFrameworksBuildPhase;
			buildActionMask = 2147483647;
			files = (
				6C8D295FBA3E7E0234595389 /* Foundation.framework in Frameworks */,
			);
			runOnlyForDeploymentPostprocessing = 0;
		};
		BC13A16C300417CF00CA8AFA /* Frameworks */ = {
			isa = PBXFrameworksBuildPhase;
			buildActionMask = 2147483647;
			files = (
			);
			runOnlyForDeploymentPostprocessing = 0;
		};
/* End PBXFrameworksBuildPhase section */

/* Begin PBXGroup section */
		649E10887D70C3CA0E908D82 /* iOS */ = {
			isa = PBXGroup;
			children = (
				EB74A47C259C5B70EEC57746 /* Foundation.framework */,
			);
			name = iOS;
			sourceTree = "<group>";
		};
		BC13A166300417CF00CA8AFA = {
			isa = PBXGroup;
			children = (
				BC13A171300417CF00CA8AFA /* DeutschLernen */,
				BC13A170300417CF00CA8AFA /* Products */,
				C8C097E9111F9E81312E685B /* Frameworks */,
			);
			sourceTree = "<group>";
		};
		BC13A170300417CF00CA8AFA /* Products */ = {
			isa = PBXGroup;
			children = (
				BC13A16F300417CF00CA8AFA /* DeutschLernen.app */,
				3B868C315EF53C250E19C787 /* DeutschLernenWidgetExtension.appex */,
				8D2F8A1EFB4056637228A469 /* DeutschLernenTests.xctest */,
				51395B7D27B10A22B1452173 /* DeutschLernenUITests.xctest */,
			);
			name = Products;
			sourceTree = "<group>";
		};
		C8C097E9111F9E81312E685B /* Frameworks */ = {
			isa = PBXGroup;
			children = (
				649E10887D70C3CA0E908D82 /* iOS */,
			);
			name = Frameworks;
			sourceTree = "<group>";
		};
/* End PBXGroup section */

/* Begin PBXNativeTarget section */
		013B35BF0753FD0269263C56 /* DeutschLernenTests */ = {
			isa = PBXNativeTarget;
			buildConfigurationList = 159222F70140669B39B5EBA8 /* Build configuration list for PBXNativeTarget "DeutschLernenTests" */;
			buildPhases = (
				DF9CE8A84088CB7014C25B8B /* Sources */,
				37D73476684019208FAAAF67 /* Frameworks */,
				5A07BA18AFB6DA2193ADB441 /* Resources */,
			);
			buildRules = (
			);
			dependencies = (
			);
			name = DeutschLernenTests;
			productName = DeutschLernenTests;
			productReference = 8D2F8A1EFB4056637228A469 /* DeutschLernenTests.xctest */;
			productType = "com.apple.product-type.bundle.unit-test";
		};
		99D0B851FA59A536F6D4FAE8 /* DeutschLernenWidgetExtension */ = {
			isa = PBXNativeTarget;
			buildConfigurationList = 645D8A927D454EFC827A56BA /* Build configuration list for PBXNativeTarget "DeutschLernenWidgetExtension" */;
			buildPhases = (
				3281938069115965CEBDC58C /* Sources */,
				805E942DCBF6FD3724BD6264 /* Frameworks */,
				6ACBF5BCD008B1597A74E0EA /* Resources */,
			);
			buildRules = (
			);
			dependencies = (
			);
			name = DeutschLernenWidgetExtension;
			productName = DeutschLernenWidgetExtension;
			productReference = 3B868C315EF53C250E19C787 /* DeutschLernenWidgetExtension.appex */;
			productType = "com.apple.product-type.app-extension";
		};
		BC13A16E300417CF00CA8AFA /* DeutschLernen */ = {
			isa = PBXNativeTarget;
			buildConfigurationList = BC13A17C300417D000CA8AFA /* Build configuration list for PBXNativeTarget "DeutschLernen" */;
			buildPhases = (
				BC13A16B300417CF00CA8AFA /* Sources */,
				BC13A16C300417CF00CA8AFA /* Frameworks */,
				BC13A16D300417CF00CA8AFA /* Resources */,
				9815DDF8F73DAB114F46CA92 /* Embed App Extensions */,
			);
			buildRules = (
			);
			dependencies = (
				2B58205A9942BB342250DA5A /* PBXTargetDependency */,
			);
			fileSystemSynchronizedGroups = (
				BC13A171300417CF00CA8AFA /* DeutschLernen */,
			);
			name = DeutschLernen;
			productName = DeutschLernen;
			productReference = BC13A16F300417CF00CA8AFA /* DeutschLernen.app */;
			productType = "com.apple.product-type.application";
		};
		D1E5A93B10A21D4133C98F3F /* DeutschLernenUITests */ = {
			isa = PBXNativeTarget;
			buildConfigurationList = D1A3A253D32CEFC3347681F8 /* Build configuration list for PBXNativeTarget "DeutschLernenUITests" */;
			buildPhases = (
				D26541290ED9C98BBFAF070D /* Sources */,
				A31D1A23D53BAE809895C2D0 /* Frameworks */,
				BA90890CA993CE7847A10711 /* Resources */,
			);
			buildRules = (
			);
			dependencies = (
			);
			name = DeutschLernenUITests;
			productName = DeutschLernenUITests;
			productReference = 51395B7D27B10A22B1452173 /* DeutschLernenUITests.xctest */;
			productType = "com.apple.product-type.bundle.ui-testing";
		};
/* End PBXNativeTarget section */

/* Begin PBXProject section */
		BC13A167300417CF00CA8AFA /* Project object */ = {
			isa = PBXProject;
			attributes = {
				BuildIndependentTargetsInParallel = 1;
				LastSwiftUpdateCheck = 2660;
				LastUpgradeCheck = 2660;
				TargetAttributes = {
					BC13A16E300417CF00CA8AFA = {
						CreatedOnToolsVersion = 26.6;
					};
				};
			};
			buildConfigurationList = BC13A16A300417CF00CA8AFA /* Build configuration list for PBXProject "DeutschLernen" */;
			developmentRegion = en;
			hasScannedForEncodings = 0;
			knownRegions = (
				en,
				Base,
			);
			mainGroup = BC13A166300417CF00CA8AFA;
			minimizedProjectReferenceProxies = 1;
			preferredProjectObjectVersion = 77;
			productRefGroup = BC13A170300417CF00CA8AFA /* Products */;
			projectDirPath = "";
			projectRoot = "";
			targets = (
				BC13A16E300417CF00CA8AFA /* DeutschLernen */,
				99D0B851FA59A536F6D4FAE8 /* DeutschLernenWidgetExtension */,
				013B35BF0753FD0269263C56 /* DeutschLernenTests */,
				D1E5A93B10A21D4133C98F3F /* DeutschLernenUITests */,
			);
		};
/* End PBXProject section */

/* Begin PBXResourcesBuildPhase section */
		5A07BA18AFB6DA2193ADB441 /* Resources */ = {
			isa = PBXResourcesBuildPhase;
			buildActionMask = 2147483647;
			files = (
			);
			runOnlyForDeploymentPostprocessing = 0;
		};
		6ACBF5BCD008B1597A74E0EA /* Resources */ = {
			isa = PBXResourcesBuildPhase;
			buildActionMask = 2147483647;
			files = (
			);
			runOnlyForDeploymentPostprocessing = 0;
		};
		BA90890CA993CE7847A10711 /* Resources */ = {
			isa = PBXResourcesBuildPhase;
			buildActionMask = 2147483647;
			files = (
			);
			runOnlyForDeploymentPostprocessing = 0;
		};
		BC13A16D300417CF00CA8AFA /* Resources */ = {
			isa = PBXResourcesBuildPhase;
			buildActionMask = 2147483647;
			files = (
			);
			runOnlyForDeploymentPostprocessing = 0;
		};
/* End PBXResourcesBuildPhase section */

/* Begin PBXSourcesBuildPhase section */
		3281938069115965CEBDC58C /* Sources */ = {
			isa = PBXSourcesBuildPhase;
			buildActionMask = 2147483647;
			files = (
			);
			runOnlyForDeploymentPostprocessing = 0;
		};
		BC13A16B300417CF00CA8AFA /* Sources */ = {
			isa = PBXSourcesBuildPhase;
			buildActionMask = 2147483647;
			files = (
			);
			runOnlyForDeploymentPostprocessing = 0;
		};
		D26541290ED9C98BBFAF070D /* Sources */ = {
			isa = PBXSourcesBuildPhase;
			buildActionMask = 2147483647;
			files = (
			);
			runOnlyForDeploymentPostprocessing = 0;
		};
		DF9CE8A84088CB7014C25B8B /* Sources */ = {
			isa = PBXSourcesBuildPhase;
			buildActionMask = 2147483647;
			files = (
			);
			runOnlyForDeploymentPostprocessing = 0;
		};
/* End PBXSourcesBuildPhase section */

/* Begin PBXTargetDependency section */
		2B58205A9942BB342250DA5A /* PBXTargetDependency */ = {
			isa = PBXTargetDependency;
			name = DeutschLernenWidgetExtension;
			target = 99D0B851FA59A536F6D4FAE8 /* DeutschLernenWidgetExtension */;
			targetProxy = 766A4422D2F9ED049C1BF903 /* PBXContainerItemProxy */;
		};
/* End PBXTargetDependency section */

/* Begin XCBuildConfiguration section */
		372AEE989278754515BBE056 /* Release */ = {
			isa = XCBuildConfiguration;
			buildSettings = {
				CLANG_ENABLE_OBJC_WEAK = NO;
				IPHONEOS_DEPLOYMENT_TARGET = 17.0;
				PRODUCT_NAME = DeutschLernenTests;
				SDKROOT = iphoneos;
				SWIFT_VERSION = 5.0;
				TEST_TARGET_NAME = DeutschLernen;
				VALIDATE_PRODUCT = YES;
			};
			name = Release;
		};
		4AD3A787ED2E29E89F04DF0D /* Release */ = {
			isa = XCBuildConfiguration;
			buildSettings = {
				CLANG_ENABLE_OBJC_WEAK = NO;
				IPHONEOS_DEPLOYMENT_TARGET = 17.0;
				PRODUCT_NAME = DeutschLernenUITests;
				SDKROOT = iphoneos;
				SWIFT_VERSION = 5.0;
				TEST_TARGET_NAME = DeutschLernen;
				VALIDATE_PRODUCT = YES;
			};
			name = Release;
		};
		67273AA2899B976048F623C5 /* Release */ = {
			isa = XCBuildConfiguration;
			buildSettings = {
				CLANG_ENABLE_OBJC_WEAK = NO;
				CODE_SIGN_STYLE = Automatic;
				DEVELOPMENT_TEAM = WX8U7ZR7K8;
				ENTITLEMENTS_FILE = DeutschLernenWidgetExtension/DeutschLernenWidgetExtension.entitlements;
				GENERATE_INFOPLIST_FILE = YES;
				INFOPLIST_FILE = "";
				INFOPLIST_KEY_NSExtensionPointIdentifier = "com.apple.widgetkit-extension";
				IPHONEOS_DEPLOYMENT_TARGET = 17.0;
				PRODUCT_BUNDLE_IDENTIFIER = com.devmustafatavasli.DeutschLernen.widget;
				PRODUCT_NAME = DeutschLernenWidgetExtension;
				SDKROOT = iphoneos;
				SKIP_INSTALL = YES;
				VALIDATE_PRODUCT = YES;
			};
			name = Release;
		};
		959D9E7A38DD0528082DB51C /* Debug */ = {
			isa = XCBuildConfiguration;
			buildSettings = {
				CLANG_ENABLE_OBJC_WEAK = NO;
				CODE_SIGN_STYLE = Automatic;
				DEVELOPMENT_TEAM = WX8U7ZR7K8;
				ENTITLEMENTS_FILE = DeutschLernenWidgetExtension/DeutschLernenWidgetExtension.entitlements;
				GENERATE_INFOPLIST_FILE = YES;
				INFOPLIST_FILE = "";
				INFOPLIST_KEY_NSExtensionPointIdentifier = "com.apple.widgetkit-extension";
				IPHONEOS_DEPLOYMENT_TARGET = 17.0;
				PRODUCT_BUNDLE_IDENTIFIER = com.devmustafatavasli.DeutschLernen.widget;
				PRODUCT_NAME = DeutschLernenWidgetExtension;
				SDKROOT = iphoneos;
				SKIP_INSTALL = YES;
			};
			name = Debug;
		};
		AC4B9EF7403F89A4113AB79D /* Debug */ = {
			isa = XCBuildConfiguration;
			buildSettings = {
				CLANG_ENABLE_OBJC_WEAK = NO;
				IPHONEOS_DEPLOYMENT_TARGET = 17.0;
				PRODUCT_NAME = DeutschLernenTests;
				SDKROOT = iphoneos;
				SWIFT_VERSION = 5.0;
				TEST_TARGET_NAME = DeutschLernen;
			};
			name = Debug;
		};
		BC13A17A300417D000CA8AFA /* Debug */ = {
			isa = XCBuildConfiguration;
			buildSettings = {
				ALWAYS_SEARCH_USER_PATHS = NO;
				ASSETCATALOG_COMPILER_GENERATE_SWIFT_ASSET_SYMBOL_EXTENSIONS = YES;
				CLANG_ANALYZER_NONNULL = YES;
				CLANG_ANALYZER_NUMBER_OBJECT_CONVERSION = YES_AGGRESSIVE;
				CLANG_CXX_LANGUAGE_STANDARD = "gnu++20";
				CLANG_ENABLE_MODULES = YES;
				CLANG_ENABLE_OBJC_ARC = YES;
				CLANG_ENABLE_OBJC_WEAK = YES;
				CLANG_WARN_BLOCK_CAPTURE_AUTORELEASING = YES;
				CLANG_WARN_BOOL_CONVERSION = YES;
				CLANG_WARN_COMMA = YES;
				CLANG_WARN_CONSTANT_CONVERSION = YES;
				CLANG_WARN_DEPRECATED_OBJC_IMPLEMENTATIONS = YES;
				CLANG_WARN_DIRECT_OBJC_ISA_USAGE = YES_ERROR;
				CLANG_WARN_DOCUMENTATION_COMMENTS = YES;
				CLANG_WARN_EMPTY_BODY = YES;
				CLANG_WARN_ENUM_CONVERSION = YES;
				CLANG_WARN_INFINITE_RECURSION = YES;
				CLANG_WARN_INT_CONVERSION = YES;
				CLANG_WARN_NON_LITERAL_NULL_CONVERSION = YES;
				CLANG_WARN_OBJC_IMPLICIT_RETAIN_SELF = YES;
				CLANG_WARN_OBJC_LITERAL_CONVERSION = YES;
				CLANG_WARN_OBJC_ROOT_CLASS = YES_ERROR;
				CLANG_WARN_QUOTED_INCLUDE_IN_FRAMEWORK_HEADER = YES;
				CLANG_WARN_RANGE_LOOP_ANALYSIS = YES;
				CLANG_WARN_STRICT_PROTOTYPES = YES;
				CLANG_WARN_SUSPICIOUS_MOVE = YES;
				CLANG_WARN_UNGUARDED_AVAILABILITY = YES_AGGRESSIVE;
				CLANG_WARN_UNREACHABLE_CODE = YES;
				CLANG_WARN__DUPLICATE_METHOD_MATCH = YES;
				COPY_PHASE_STRIP = NO;
				DEBUG_INFORMATION_FORMAT = dwarf;
				DEVELOPMENT_TEAM = WX8U7ZR7K8;
				ENABLE_STRICT_OBJC_MSGSEND = YES;
				ENABLE_TESTABILITY = YES;
				ENABLE_USER_SCRIPT_SANDBOXING = YES;
				GCC_C_LANGUAGE_STANDARD = gnu17;
				GCC_DYNAMIC_NO_PIC = NO;
				GCC_NO_COMMON_BLOCKS = YES;
				GCC_OPTIMIZATION_LEVEL = 0;
				GCC_PREPROCESSOR_DEFINITIONS = (
					"DEBUG=1",
					"$(inherited)",
				);
				GCC_WARN_64_TO_32_BIT_CONVERSION = YES;
				GCC_WARN_ABOUT_RETURN_TYPE = YES_ERROR;
				GCC_WARN_UNDECLARED_SELECTOR = YES;
				GCC_WARN_UNINITIALIZED_AUTOS = YES_AGGRESSIVE;
				GCC_WARN_UNUSED_FUNCTION = YES;
				GCC_WARN_UNUSED_VARIABLE = YES;
				IPHONEOS_DEPLOYMENT_TARGET = 26.5;
				LOCALIZATION_PREFERS_STRING_CATALOGS = YES;
				MTL_ENABLE_DEBUG_INFO = INCLUDE_SOURCE;
				MTL_FAST_MATH = YES;
				ONLY_ACTIVE_ARCH = YES;
				SDKROOT = iphoneos;
				SWIFT_ACTIVE_COMPILATION_CONDITIONS = "DEBUG $(inherited)";
				SWIFT_OPTIMIZATION_LEVEL = "-Onone";
			};
			name = Debug;
		};
		BC13A17B300417D000CA8AFA /* Release */ = {
			isa = XCBuildConfiguration;
			buildSettings = {
				ALWAYS_SEARCH_USER_PATHS = NO;
				ASSETCATALOG_COMPILER_GENERATE_SWIFT_ASSET_SYMBOL_EXTENSIONS = YES;
				CLANG_ANALYZER_NONNULL = YES;
				CLANG_ANALYZER_NUMBER_OBJECT_CONVERSION = YES_AGGRESSIVE;
				CLANG_CXX_LANGUAGE_STANDARD = "gnu++20";
				CLANG_ENABLE_MODULES = YES;
				CLANG_ENABLE_OBJC_ARC = YES;
				CLANG_ENABLE_OBJC_WEAK = YES;
				CLANG_WARN_BLOCK_CAPTURE_AUTORELEASING = YES;
				CLANG_WARN_BOOL_CONVERSION = YES;
				CLANG_WARN_COMMA = YES;
				CLANG_WARN_CONSTANT_CONVERSION = YES;
				CLANG_WARN_DEPRECATED_OBJC_IMPLEMENTATIONS = YES;
				CLANG_WARN_DIRECT_OBJC_ISA_USAGE = YES_ERROR;
				CLANG_WARN_DOCUMENTATION_COMMENTS = YES;
				CLANG_WARN_EMPTY_BODY = YES;
				CLANG_WARN_ENUM_CONVERSION = YES;
				CLANG_WARN_INFINITE_RECURSION = YES;
				CLANG_WARN_INT_CONVERSION = YES;
				CLANG_WARN_NON_LITERAL_NULL_CONVERSION = YES;
				CLANG_WARN_OBJC_IMPLICIT_RETAIN_SELF = YES;
				CLANG_WARN_OBJC_LITERAL_CONVERSION = YES;
				CLANG_WARN_OBJC_ROOT_CLASS = YES_ERROR;
				CLANG_WARN_QUOTED_INCLUDE_IN_FRAMEWORK_HEADER = YES;
				CLANG_WARN_RANGE_LOOP_ANALYSIS = YES;
				CLANG_WARN_STRICT_PROTOTYPES = YES;
				CLANG_WARN_SUSPICIOUS_MOVE = YES;
				CLANG_WARN_UNGUARDED_AVAILABILITY = YES_AGGRESSIVE;
				CLANG_WARN_UNREACHABLE_CODE = YES;
				CLANG_WARN__DUPLICATE_METHOD_MATCH = YES;
				COPY_PHASE_STRIP = NO;
				DEBUG_INFORMATION_FORMAT = "dwarf-with-dsym";
				DEVELOPMENT_TEAM = WX8U7ZR7K8;
				ENABLE_NS_ASSERTIONS = NO;
				ENABLE_STRICT_OBJC_MSGSEND = YES;
				ENABLE_USER_SCRIPT_SANDBOXING = YES;
				GCC_C_LANGUAGE_STANDARD = gnu17;
				GCC_NO_COMMON_BLOCKS = YES;
				GCC_WARN_64_TO_32_BIT_CONVERSION = YES;
				GCC_WARN_ABOUT_RETURN_TYPE = YES_ERROR;
				GCC_WARN_UNDECLARED_SELECTOR = YES;
				GCC_WARN_UNINITIALIZED_AUTOS = YES_AGGRESSIVE;
				GCC_WARN_UNUSED_FUNCTION = YES;
				GCC_WARN_UNUSED_VARIABLE = YES;
				IPHONEOS_DEPLOYMENT_TARGET = 26.5;
				LOCALIZATION_PREFERS_STRING_CATALOGS = YES;
				MTL_ENABLE_DEBUG_INFO = NO;
				MTL_FAST_MATH = YES;
				SDKROOT = iphoneos;
				SWIFT_COMPILATION_MODE = wholemodule;
				VALIDATE_PRODUCT = YES;
			};
			name = Release;
		};
		BC13A17D300417D000CA8AFA /* Debug */ = {
			isa = XCBuildConfiguration;
			buildSettings = {
				ASSETCATALOG_COMPILER_APPICON_NAME = AppIcon;
				ASSETCATALOG_COMPILER_GLOBAL_ACCENT_COLOR_NAME = AccentColor;
				CODE_SIGN_ENTITLEMENTS = DeutschLernen/DeutschLernen.entitlements;
				CODE_SIGN_STYLE = Automatic;
				CURRENT_PROJECT_VERSION = 1;
				DEVELOPMENT_TEAM = WX8U7ZR7K8;
				ENABLE_PREVIEWS = YES;
				GENERATE_INFOPLIST_FILE = YES;
				INFOPLIST_KEY_UIApplicationSceneManifest_Generation = YES;
				INFOPLIST_KEY_UIApplicationSupportsIndirectInputEvents = YES;
				INFOPLIST_KEY_UILaunchScreen_Generation = YES;
				INFOPLIST_KEY_UISupportedInterfaceOrientations_iPad = "UIInterfaceOrientationPortrait UIInterfaceOrientationPortraitUpsideDown UIInterfaceOrientationLandscapeLeft UIInterfaceOrientationLandscapeRight";
				INFOPLIST_KEY_UISupportedInterfaceOrientations_iPhone = "UIInterfaceOrientationPortrait UIInterfaceOrientationLandscapeLeft UIInterfaceOrientationLandscapeRight";
				LD_RUNPATH_SEARCH_PATHS = (
					"$(inherited)",
					"@executable_path/Frameworks",
				);
				MARKETING_VERSION = 1.0;
				PRODUCT_BUNDLE_IDENTIFIER = com.devmustafatavasli.DeutschLernen;
				PRODUCT_NAME = "$(TARGET_NAME)";
				STRING_CATALOG_GENERATE_SYMBOLS = YES;
				SWIFT_APPROACHABLE_CONCURRENCY = YES;
				SWIFT_DEFAULT_ACTOR_ISOLATION = MainActor;
				SWIFT_EMIT_LOC_STRINGS = YES;
				SWIFT_UPCOMING_FEATURE_MEMBER_IMPORT_VISIBILITY = YES;
				SWIFT_VERSION = 5.0;
				TARGETED_DEVICE_FAMILY = "1,2";
			};
			name = Debug;
		};
		BC13A17E300417D000CA8AFA /* Release */ = {
			isa = XCBuildConfiguration;
			buildSettings = {
				ASSETCATALOG_COMPILER_APPICON_NAME = AppIcon;
				ASSETCATALOG_COMPILER_GLOBAL_ACCENT_COLOR_NAME = AccentColor;
				CODE_SIGN_ENTITLEMENTS = DeutschLernen/DeutschLernen.entitlements;
				CODE_SIGN_STYLE = Automatic;
				CURRENT_PROJECT_VERSION = 1;
				DEVELOPMENT_TEAM = WX8U7ZR7K8;
				ENABLE_PREVIEWS = YES;
				GENERATE_INFOPLIST_FILE = YES;
				INFOPLIST_KEY_UIApplicationSceneManifest_Generation = YES;
				INFOPLIST_KEY_UIApplicationSupportsIndirectInputEvents = YES;
				INFOPLIST_KEY_UILaunchScreen_Generation = YES;
				INFOPLIST_KEY_UISupportedInterfaceOrientations_iPad = "UIInterfaceOrientationPortrait UIInterfaceOrientationPortraitUpsideDown UIInterfaceOrientationLandscapeLeft UIInterfaceOrientationLandscapeRight";
				INFOPLIST_KEY_UISupportedInterfaceOrientations_iPhone = "UIInterfaceOrientationPortrait UIInterfaceOrientationLandscapeLeft UIInterfaceOrientationLandscapeRight";
				LD_RUNPATH_SEARCH_PATHS = (
					"$(inherited)",
					"@executable_path/Frameworks",
				);
				MARKETING_VERSION = 1.0;
				PRODUCT_BUNDLE_IDENTIFIER = com.devmustafatavasli.DeutschLernen;
				PRODUCT_NAME = "$(TARGET_NAME)";
				STRING_CATALOG_GENERATE_SYMBOLS = YES;
				SWIFT_APPROACHABLE_CONCURRENCY = YES;
				SWIFT_DEFAULT_ACTOR_ISOLATION = MainActor;
				SWIFT_EMIT_LOC_STRINGS = YES;
				SWIFT_UPCOMING_FEATURE_MEMBER_IMPORT_VISIBILITY = YES;
				SWIFT_VERSION = 5.0;
				TARGETED_DEVICE_FAMILY = "1,2";
			};
			name = Release;
		};
		FBFF75D5329551C332B49355 /* Debug */ = {
			isa = XCBuildConfiguration;
			buildSettings = {
				CLANG_ENABLE_OBJC_WEAK = NO;
				IPHONEOS_DEPLOYMENT_TARGET = 17.0;
				PRODUCT_NAME = DeutschLernenUITests;
				SDKROOT = iphoneos;
				SWIFT_VERSION = 5.0;
				TEST_TARGET_NAME = DeutschLernen;
			};
			name = Debug;
		};
/* End XCBuildConfiguration section */

/* Begin XCConfigurationList section */
		159222F70140669B39B5EBA8 /* Build configuration list for PBXNativeTarget "DeutschLernenTests" */ = {
			isa = XCConfigurationList;
			buildConfigurations = (
				372AEE989278754515BBE056 /* Release */,
				AC4B9EF7403F89A4113AB79D /* Debug */,
			);
			defaultConfigurationIsVisible = 0;
			defaultConfigurationName = Release;
		};
		645D8A927D454EFC827A56BA /* Build configuration list for PBXNativeTarget "DeutschLernenWidgetExtension" */ = {
			isa = XCConfigurationList;
			buildConfigurations = (
				67273AA2899B976048F623C5 /* Release */,
				959D9E7A38DD0528082DB51C /* Debug */,
			);
			defaultConfigurationIsVisible = 0;
			defaultConfigurationName = Release;
		};
		BC13A16A300417CF00CA8AFA /* Build configuration list for PBXProject "DeutschLernen" */ = {
			isa = XCConfigurationList;
			buildConfigurations = (
				BC13A17A300417D000CA8AFA /* Debug */,
				BC13A17B300417D000CA8AFA /* Release */,
			);
			defaultConfigurationIsVisible = 0;
			defaultConfigurationName = Release;
		};
		BC13A17C300417D000CA8AFA /* Build configuration list for PBXNativeTarget "DeutschLernen" */ = {
			isa = XCConfigurationList;
			buildConfigurations = (
				BC13A17D300417D000CA8AFA /* Debug */,
				BC13A17E300417D000CA8AFA /* Release */,
			);
			defaultConfigurationIsVisible = 0;
			defaultConfigurationName = Release;
		};
		D1A3A253D32CEFC3347681F8 /* Build configuration list for PBXNativeTarget "DeutschLernenUITests" */ = {
			isa = XCConfigurationList;
			buildConfigurations = (
				4AD3A787ED2E29E89F04DF0D /* Release */,
				FBFF75D5329551C332B49355 /* Debug */,
			);
			defaultConfigurationIsVisible = 0;
			defaultConfigurationName = Release;
		};
/* End XCConfigurationList section */
	};
	rootObject = BC13A167300417CF00CA8AFA /* Project object */;
}
